
Microsoft Visual Studio Solution File, Format Version 12.00
# Visual Studio Version 16
VisualStudioVersion = 16.0.28803.156
MinimumVisualStudioVersion = 10.0.40219.1
Project("{9A19103F-16F7-4668-BE54-9A1E7A4F7556}") = "CSharpAdvancedPractice", "CSharpAdvancedPractice\CSharpAdvancedPractice.csproj", "{8AEB154B-9FDD-4C6D-91DE-98008FEDB3BC}"
EndProject
Project("{FAE04EC0-301F-11D3-BF4B-00C04F79EFBC}") = "FrameworkVer", "FrameworkVer\FrameworkVer.csproj", "{7359C872-DD66-4219-8A47-79BC49C185F5}"
EndProject
Global
	GlobalSection(SolutionConfigurationPlatforms) = preSolution
		Debug|Any CPU = Debug|Any CPU
		Release|Any CPU = Release|Any CPU
	EndGlobalSection
	GlobalSection(ProjectConfigurationPlatforms) = postSolution
		{8AEB154B-9FDD-4C6D-91DE-98008FEDB3BC}.Debug|Any CPU.ActiveCfg = Debug|Any CPU
		{8AEB154B-9FDD-4C6D-91DE-98008FEDB3BC}.Debug|Any CPU.Build.0 = Debug|Any CPU
		{8AEB154B-9FDD-4C6D-91DE-98008FEDB3BC}.Release|Any CPU.ActiveCfg = Release|Any CPU
		{8AEB154B-9FDD-4C6D-91DE-98008FEDB3BC}.Release|Any CPU.Build.0 = Release|Any CPU
		{7359C872-DD66-4219-8A47-79BC49C185F5}.Debug|Any CPU.ActiveCfg = Debug|Any CPU
		{7359C872-DD66-4219-8A47-79BC49C185F5}.Debug|Any CPU.Build.0 = Debug|Any CPU
		{7359C872-DD66-4219-8A47-79BC49C185F5}.Release|Any CPU.ActiveCfg = Release|Any CPU
		{7359C872-DD66-4219-8A47-79BC49C185F5}.Release|Any CPU.Build.0 = Release|Any CPU
	EndGlobalSection
	GlobalSection(SolutionProperties) = preSolution
		HideSolutionNode = FALSE
	EndGlobalSection
	GlobalSection(ExtensibilityGlobals) = postSolution
		SolutionGuid = {8AB1D070-5698-4AED-B0BF-6BB8D6B0F6A4}
	EndGlobalSection
EndGlobal
